
Microsoft Visual Studio Solution File, Format Version 12.00
# Visual Studio 15
VisualStudioVersion = 15.0.28010.2026
MinimumVisualStudioVersion = 10.0.40219.1
Project("{FAE04EC0-301F-11D3-BF4B-00C04F79EFBC}") = "BugTrackerApplication", "BugTrackerApplication\BugTrackerApplication.csproj", "{45AF03E2-2155-42FC-AEB6-8829B6F863FB}"
EndProject
Global
	GlobalSection(SolutionConfigurationPlatforms) = preSolution
		Debug|Any CPU = Debug|Any CPU
		Release|Any CPU = Release|Any CPU
	EndGlobalSection
	GlobalSection(ProjectConfigurationPlatforms) = postSolution
		{45AF03E2-2155-42FC-AEB6-8829B6F863FB}.Debug|Any CPU.ActiveCfg = Debug|Any CPU
		{45AF03E2-2155-42FC-AEB6-8829B6F863FB}.Debug|Any CPU.Build.0 = Debug|Any CPU
		{45AF03E2-2155-42FC-AEB6-8829B6F863FB}.Release|Any CPU.ActiveCfg = Release|Any CPU
		{45AF03E2-2155-42FC-AEB6-8829B6F863FB}.Release|Any CPU.Build.0 = Release|Any CPU
	EndGlobalSection
	GlobalSection(SolutionProperties) = preSolution
		HideSolutionNode = FALSE
	EndGlobalSection
	GlobalSection(ExtensibilityGlobals) = postSolution
		SolutionGuid = {AE5BFC3E-8395-413D-BB46-E04F37A7722D}
	EndGlobalSection
EndGlobal
